
Microsoft Visual Studio Solution File, Format Version 12.00
Project("{FAE04EC0-301F-11D3-BF4B-00C04F79EFBC}") = "MockingbirdServer", "MockingbirdServer\MockingbirdServer.csproj", "{067181F1-DC31-48E8-95EA-21FCF091E16B}"
EndProject
Project("{FAE04EC0-301F-11D3-BF4B-00C04F79EFBC}") = "MockingbirdTests", "MockingbirdTests\MockingbirdTests.csproj", "{2CA358CB-F4B6-4D14-83A0-09507C595E4B}"
EndProject
Global
	GlobalSection(SolutionConfigurationPlatforms) = preSolution
		Debug|Any CPU = Debug|Any CPU
		Release|Any CPU = Release|Any CPU
	EndGlobalSection
	GlobalSection(ProjectConfigurationPlatforms) = postSolution
		{067181F1-DC31-48E8-95EA-21FCF091E16B}.Debug|Any CPU.ActiveCfg = Debug|Any CPU
		{067181F1-DC31-48E8-95EA-21FCF091E16B}.Debug|Any CPU.Build.0 = Debug|Any CPU
		{067181F1-DC31-48E8-95EA-21FCF091E16B}.Release|Any CPU.ActiveCfg = Release|Any CPU
		{067181F1-DC31-48E8-95EA-21FCF091E16B}.Release|Any CPU.Build.0 = Release|Any CPU
		{2CA358CB-F4B6-4D14-83A0-09507C595E4B}.Debug|Any CPU.ActiveCfg = Debug|Any CPU
		{2CA358CB-F4B6-4D14-83A0-09507C595E4B}.Debug|Any CPU.Build.0 = Debug|Any CPU
		{2CA358CB-F4B6-4D14-83A0-09507C595E4B}.Release|Any CPU.ActiveCfg = Release|Any CPU
		{2CA358CB-F4B6-4D14-83A0-09507C595E4B}.Release|Any CPU.Build.0 = Release|Any CPU
	EndGlobalSection
EndGlobal
